// !$*UTF8*$!
{
	archiveVersion = 1;
	classes = {
	};
	objectVersion = 55;
	objects = {

/* Begin PBXBuildFile section */
		591A96122715D866003A1860 /* GameEngineApp.swift in Sources */ = {isa = PBXBuildFile; fileRef = 591A96112715D866003A1860 /* GameEngineApp.swift */; };
		591A96142715D866003A1860 /* ContentView.swift in Sources */ = {isa = PBXBuildFile; fileRef = 591A96132715D866003A1860 /* ContentView.swift */; };
		591A96162715D867003A1860 /* Assets.xcassets in Resources */ = {isa = PBXBuildFile; fileRef = 591A96152715D867003A1860 /* Assets.xcassets */; };
		591A96192715D867003A1860 /* Preview Assets.xcassets in Resources */ = {isa = PBXBuildFile; fileRef = 591A96182715D867003A1860 /* Preview Assets.xcassets */; };
		591A961B2715D867003A1860 /* Persistence.swift in Sources */ = {isa = PBXBuildFile; fileRef = 591A961A2715D867003A1860 /* Persistence.swift */; };
		591A961E2715D867003A1860 /* GameEngine.xcdatamodeld in Sources */ = {isa = PBXBuildFile; fileRef = 591A961C2715D867003A1860 /* GameEngine.xcdatamodeld */; };
		591A96292715D927003A1860 /* MetalView.swift in Sources */ = {isa = PBXBuildFile; fileRef = 591A96282715D927003A1860 /* MetalView.swift */; };
		591A962B2715E612003A1860 /* BasicShader.metal in Sources */ = {isa = PBXBuildFile; fileRef = 591A962A2715E612003A1860 /* BasicShader.metal */; };
		5941F28D272988F6008151A1 /* Cube.swift in Sources */ = {isa = PBXBuildFile; fileRef = 5941F28C272988F6008151A1 /* Cube.swift */; };
		5941F28F27298C23008151A1 /* DepthStencilStateLibrary.swift in Sources */ = {isa = PBXBuildFile; fileRef = 5941F28E27298C23008151A1 /* DepthStencilStateLibrary.swift */; };
		5941F29227299663008151A1 /* ColorUtil.swift in Sources */ = {isa = PBXBuildFile; fileRef = 5941F29127299663008151A1 /* ColorUtil.swift */; };
		595724652723D16E00F3929B /* MetalTypes.swift in Sources */ = {isa = PBXBuildFile; fileRef = 595724642723D16E00F3929B /* MetalTypes.swift */; };
		595724692723D71C00F3929B /* Engine.swift in Sources */ = {isa = PBXBuildFile; fileRef = 595724682723D71C00F3929B /* Engine.swift */; };
		5957246B2723D8E400F3929B /* Preferences.swift in Sources */ = {isa = PBXBuildFile; fileRef = 5957246A2723D8E400F3929B /* Preferences.swift */; };
		5957246F2723DDB100F3929B /* VertexDescriptorLibrary.swift in Sources */ = {isa = PBXBuildFile; fileRef = 5957246E2723DDB100F3929B /* VertexDescriptorLibrary.swift */; };
		595724712723DFD700F3929B /* RenderPipelineDescriptorLibrary.swift in Sources */ = {isa = PBXBuildFile; fileRef = 595724702723DFD700F3929B /* RenderPipelineDescriptorLibrary.swift */; };
		595724732723E0D600F3929B /* RenderPipelineStateLibrary.swift in Sources */ = {isa = PBXBuildFile; fileRef = 595724722723E0D600F3929B /* RenderPipelineStateLibrary.swift */; };
		595724762723E4C500F3929B /* GameObject.swift in Sources */ = {isa = PBXBuildFile; fileRef = 595724752723E4C500F3929B /* GameObject.swift */; };
		595724782723E67900F3929B /* Renderer.swift in Sources */ = {isa = PBXBuildFile; fileRef = 595724772723E67900F3929B /* Renderer.swift */; };
		5957247A2724096600F3929B /* MeshLibrary.swift in Sources */ = {isa = PBXBuildFile; fileRef = 595724792724096600F3929B /* MeshLibrary.swift */; };
		5957247C27240C3200F3929B /* Pointer.swift in Sources */ = {isa = PBXBuildFile; fileRef = 5957247B27240C3200F3929B /* Pointer.swift */; };
		5957247E27240D9500F3929B /* Node.swift in Sources */ = {isa = PBXBuildFile; fileRef = 5957247D27240D9500F3929B /* Node.swift */; };
		5957248127240E4700F3929B /* Renderable.swift in Sources */ = {isa = PBXBuildFile; fileRef = 5957248027240E4700F3929B /* Renderable.swift */; };
		595724842724149D00F3929B /* Math.swift in Sources */ = {isa = PBXBuildFile; fileRef = 595724832724149D00F3929B /* Math.swift */; };
		59572488272429DD00F3929B /* Scene.swift in Sources */ = {isa = PBXBuildFile; fileRef = 59572487272429DD00F3929B /* Scene.swift */; };
		5957248A27242B0000F3929B /* SandboxScene.swift in Sources */ = {isa = PBXBuildFile; fileRef = 5957248927242B0000F3929B /* SandboxScene.swift */; };
		5957248E27242D2C00F3929B /* SceneManager.swift in Sources */ = {isa = PBXBuildFile; fileRef = 5957248D27242D2C00F3929B /* SceneManager.swift */; };
		5957FA01272C16F40088D25B /* Quadrangle.swift in Sources */ = {isa = PBXBuildFile; fileRef = 5957FA00272C16F40088D25B /* Quadrangle.swift */; };
		5957FA03272C19230088D25B /* GameTime.swift in Sources */ = {isa = PBXBuildFile; fileRef = 5957FA02272C19230088D25B /* GameTime.swift */; };
		5957FA08272C1C100088D25B /* Graphics.swift in Sources */ = {isa = PBXBuildFile; fileRef = 5957FA07272C1C100088D25B /* Graphics.swift */; };
		5957FA0A272C1C660088D25B /* Entities.swift in Sources */ = {isa = PBXBuildFile; fileRef = 5957FA09272C1C660088D25B /* Entities.swift */; };
		5957FA0C272C1CA00088D25B /* Library.swift in Sources */ = {isa = PBXBuildFile; fileRef = 5957FA0B272C1CA00088D25B /* Library.swift */; };
		5957FA10272C25780088D25B /* Shader.swift in Sources */ = {isa = PBXBuildFile; fileRef = 5957FA0F272C25780088D25B /* Shader.swift */; };
		5957FA12272C25DA0088D25B /* VertexShaderLibrary.swift in Sources */ = {isa = PBXBuildFile; fileRef = 5957FA11272C25DA0088D25B /* VertexShaderLibrary.swift */; };
		5957FA14272C26EF0088D25B /* FragmentShaderLibrary.swift in Sources */ = {isa = PBXBuildFile; fileRef = 5957FA13272C26EF0088D25B /* FragmentShaderLibrary.swift */; };
		595B479D2728423D00BC2F02 /* Keyboard.swift in Sources */ = {isa = PBXBuildFile; fileRef = 595B479C2728423D00BC2F02 /* Keyboard.swift */; };
		595B479F2728427B00BC2F02 /* KeyCode.swift in Sources */ = {isa = PBXBuildFile; fileRef = 595B479E2728427B00BC2F02 /* KeyCode.swift */; };
		595B47A12728473200BC2F02 /* Mouse.swift in Sources */ = {isa = PBXBuildFile; fileRef = 595B47A02728473200BC2F02 /* Mouse.swift */; };
		595B47A42728555C00BC2F02 /* Camera.swift in Sources */ = {isa = PBXBuildFile; fileRef = 595B47A32728555C00BC2F02 /* Camera.swift */; };
		595B47A62728567300BC2F02 /* DebugCamera.swift in Sources */ = {isa = PBXBuildFile; fileRef = 595B47A52728567300BC2F02 /* DebugCamera.swift */; };
		595B47A82728592E00BC2F02 /* CameraManager.swift in Sources */ = {isa = PBXBuildFile; fileRef = 595B47A72728592E00BC2F02 /* CameraManager.swift */; };
		595F386F272E7FCB008884E1 /* PartyPirateParot.png in Resources */ = {isa = PBXBuildFile; fileRef = 595F386E272E7FCB008884E1 /* PartyPirateParot.png */; };
		595F3871272E8372008884E1 /* TextureLibrary.swift in Sources */ = {isa = PBXBuildFile; fileRef = 595F3870272E8372008884E1 /* TextureLibrary.swift */; };
		595F3873272E853B008884E1 /* SamplerStateLibrary.swift in Sources */ = {isa = PBXBuildFile; fileRef = 595F3872272E853B008884E1 /* SamplerStateLibrary.swift */; };
		5991467C272DAF7C006E5C09 /* Shared.metal in Sources */ = {isa = PBXBuildFile; fileRef = 5991467B272DAF7C006E5C09 /* Shared.metal */; };
		5991467E272DB37C006E5C09 /* InstancedShader.metal in Sources */ = {isa = PBXBuildFile; fileRef = 5991467D272DB37C006E5C09 /* InstancedShader.metal */; };
		59EDD04A272AD75000D20C58 /* InstancedGameObject.swift in Sources */ = {isa = PBXBuildFile; fileRef = 59EDD049272AD75000D20C58 /* InstancedGameObject.swift */; };
		59EDD04C272AE0E800D20C58 /* CubeCollection.swift in Sources */ = {isa = PBXBuildFile; fileRef = 59EDD04B272AE0E800D20C58 /* CubeCollection.swift */; };
/* End PBXBuildFile section */

/* Begin PBXFileReference section */
		591A960E2715D866003A1860 /* Game Engine.app */ = {isa = PBXFileReference; explicitFileType = wrapper.application; includeInIndex = 0; path = "Game Engine.app"; sourceTree = BUILT_PRODUCTS_DIR; };
		591A96112715D866003A1860 /* GameEngineApp.swift */ = {isa = PBXFileReference; lastKnownFileType = sourcecode.swift; path = GameEngineApp.swift; sourceTree = "<group>"; };
		591A96132715D866003A1860 /* ContentView.swift */ = {isa = PBXFileReference; lastKnownFileType = sourcecode.swift; path = ContentView.swift; sourceTree = "<group>"; };
		591A96152715D867003A1860 /* Assets.xcassets */ = {isa = PBXFileReference; lastKnownFileType = folder.assetcatalog; path = Assets.xcassets; sourceTree = "<group>"; };
		591A96182715D867003A1860 /* Preview Assets.xcassets */ = {isa = PBXFileReference; lastKnownFileType = folder.assetcatalog; path = "Preview Assets.xcassets"; sourceTree = "<group>"; };
		591A961A2715D867003A1860 /* Persistence.swift */ = {isa = PBXFileReference; lastKnownFileType = sourcecode.swift; path = Persistence.swift; sourceTree = "<group>"; };
		591A961D2715D867003A1860 /* GameEngine.xcdatamodel */ = {isa = PBXFileReference; lastKnownFileType = wrapper.xcdatamodel; path = GameEngine.xcdatamodel; sourceTree = "<group>"; };
		591A961F2715D867003A1860 /* GameEngine.entitlements */ = {isa = PBXFileReference; lastKnownFileType = text.plist.entitlements; path = GameEngine.entitlements; sourceTree = "<group>"; };
		591A96282715D927003A1860 /* MetalView.swift */ = {isa = PBXFileReference; lastKnownFileType = sourcecode.swift; path = MetalView.swift; sourceTree = "<group>"; };
		591A962A2715E612003A1860 /* BasicShader.metal */ = {isa = PBXFileReference; lastKnownFileType = sourcecode.metal; path = BasicShader.metal; sourceTree = "<group>"; };
		5941F28C272988F6008151A1 /* Cube.swift */ = {isa = PBXFileReference; lastKnownFileType = sourcecode.swift; path = Cube.swift; sourceTree = "<group>"; };
		5941F28E27298C23008151A1 /* DepthStencilStateLibrary.swift */ = {isa = PBXFileReference; lastKnownFileType = sourcecode.swift; path = DepthStencilStateLibrary.swift; sourceTree = "<group>"; };
		5941F29127299663008151A1 /* ColorUtil.swift */ = {isa = PBXFileReference; lastKnownFileType = sourcecode.swift; path = ColorUtil.swift; sourceTree = "<group>"; };
		595724642723D16E00F3929B /* MetalTypes.swift */ = {isa = PBXFileReference; lastKnownFileType = sourcecode.swift; path = MetalTypes.swift; sourceTree = "<group>"; };
		595724682723D71C00F3929B /* Engine.swift */ = {isa = PBXFileReference; lastKnownFileType = sourcecode.swift; path = Engine.swift; sourceTree = "<group>"; };
		5957246A2723D8E400F3929B /* Preferences.swift */ = {isa = PBXFileReference; lastKnownFileType = sourcecode.swift; path = Preferences.swift; sourceTree = "<group>"; };
		5957246E2723DDB100F3929B /* VertexDescriptorLibrary.swift */ = {isa = PBXFileReference; lastKnownFileType = sourcecode.swift; path = VertexDescriptorLibrary.swift; sourceTree = "<group>"; };
		595724702723DFD700F3929B /* RenderPipelineDescriptorLibrary.swift */ = {isa = PBXFileReference; lastKnownFileType = sourcecode.swift; path = RenderPipelineDescriptorLibrary.swift; sourceTree = "<group>"; };
		595724722723E0D600F3929B /* RenderPipelineStateLibrary.swift */ = {isa = PBXFileReference; lastKnownFileType = sourcecode.swift; path = RenderPipelineStateLibrary.swift; sourceTree = "<group>"; };
		595724752723E4C500F3929B /* GameObject.swift */ = {isa = PBXFileReference; lastKnownFileType = sourcecode.swift; path = GameObject.swift; sourceTree = "<group>"; };
		595724772723E67900F3929B /* Renderer.swift */ = {isa = PBXFileReference; lastKnownFileType = sourcecode.swift; path = Renderer.swift; sourceTree = "<group>"; };
		595724792724096600F3929B /* MeshLibrary.swift */ = {isa = PBXFileReference; lastKnownFileType = sourcecode.swift; path = MeshLibrary.swift; sourceTree = "<group>"; };
		5957247B27240C3200F3929B /* Pointer.swift */ = {isa = PBXFileReference; lastKnownFileType = sourcecode.swift; path = Pointer.swift; sourceTree = "<group>"; };
		5957247D27240D9500F3929B /* Node.swift */ = {isa = PBXFileReference; lastKnownFileType = sourcecode.swift; path = Node.swift; sourceTree = "<group>"; };
		5957248027240E4700F3929B /* Renderable.swift */ = {isa = PBXFileReference; lastKnownFileType = sourcecode.swift; path = Renderable.swift; sourceTree = "<group>"; };
		595724832724149D00F3929B /* Math.swift */ = {isa = PBXFileReference; lastKnownFileType = sourcecode.swift; path = Math.swift; sourceTree = "<group>"; };
		59572487272429DD00F3929B /* Scene.swift */ = {isa = PBXFileReference; lastKnownFileType = sourcecode.swift; path = Scene.swift; sourceTree = "<group>"; };
		5957248927242B0000F3929B /* SandboxScene.swift */ = {isa = PBXFileReference; lastKnownFileType = sourcecode.swift; path = SandboxScene.swift; sourceTree = "<group>"; };
		5957248D27242D2C00F3929B /* SceneManager.swift */ = {isa = PBXFileReference; lastKnownFileType = sourcecode.swift; path = SceneManager.swift; sourceTree = "<group>"; };
		5957FA00272C16F40088D25B /* Quadrangle.swift */ = {isa = PBXFileReference; lastKnownFileType = sourcecode.swift; path = Quadrangle.swift; sourceTree = "<group>"; };
		5957FA02272C19230088D25B /* GameTime.swift */ = {isa = PBXFileReference; lastKnownFileType = sourcecode.swift; path = GameTime.swift; sourceTree = "<group>"; };
		5957FA07272C1C100088D25B /* Graphics.swift */ = {isa = PBXFileReference; lastKnownFileType = sourcecode.swift; path = Graphics.swift; sourceTree = "<group>"; };
		5957FA09272C1C660088D25B /* Entities.swift */ = {isa = PBXFileReference; lastKnownFileType = sourcecode.swift; path = Entities.swift; sourceTree = "<group>"; };
		5957FA0B272C1CA00088D25B /* Library.swift */ = {isa = PBXFileReference; lastKnownFileType = sourcecode.swift; path = Library.swift; sourceTree = "<group>"; };
		5957FA0F272C25780088D25B /* Shader.swift */ = {isa = PBXFileReference; lastKnownFileType = sourcecode.swift; path = Shader.swift; sourceTree = "<group>"; };
		5957FA11272C25DA0088D25B /* VertexShaderLibrary.swift */ = {isa = PBXFileReference; lastKnownFileType = sourcecode.swift; path = VertexShaderLibrary.swift; sourceTree = "<group>"; };
		5957FA13272C26EF0088D25B /* FragmentShaderLibrary.swift */ = {isa = PBXFileReference; lastKnownFileType = sourcecode.swift; path = FragmentShaderLibrary.swift; sourceTree = "<group>"; };
		595B479C2728423D00BC2F02 /* Keyboard.swift */ = {isa = PBXFileReference; lastKnownFileType = sourcecode.swift; path = Keyboard.swift; sourceTree = "<group>"; };
		595B479E2728427B00BC2F02 /* KeyCode.swift */ = {isa = PBXFileReference; lastKnownFileType = sourcecode.swift; path = KeyCode.swift; sourceTree = "<group>"; };
		595B47A02728473200BC2F02 /* Mouse.swift */ = {isa = PBXFileReference; lastKnownFileType = sourcecode.swift; path = Mouse.swift; sourceTree = "<group>"; };
		595B47A32728555C00BC2F02 /* Camera.swift */ = {isa = PBXFileReference; lastKnownFileType = sourcecode.swift; path = Camera.swift; sourceTree = "<group>"; };
		595B47A52728567300BC2F02 /* DebugCamera.swift */ = {isa = PBXFileReference; lastKnownFileType = sourcecode.swift; path = DebugCamera.swift; sourceTree = "<group>"; };
		595B47A72728592E00BC2F02 /* CameraManager.swift */ = {isa = PBXFileReference; lastKnownFileType = sourcecode.swift; path = CameraManager.swift; sourceTree = "<group>"; };
		595F386E272E7FCB008884E1 /* PartyPirateParot.png */ = {isa = PBXFileReference; lastKnownFileType = image.png; name = PartyPirateParot.png; path = ../../../../../Downloads/PartyPirateParot.png; sourceTree = "<group>"; };
		595F3870272E8372008884E1 /* TextureLibrary.swift */ = {isa = PBXFileReference; lastKnownFileType = sourcecode.swift; path = TextureLibrary.swift; sourceTree = "<group>"; };
		595F3872272E853B008884E1 /* SamplerStateLibrary.swift */ = {isa = PBXFileReference; lastKnownFileType = sourcecode.swift; path = SamplerStateLibrary.swift; sourceTree = "<group>"; };
		5991467B272DAF7C006E5C09 /* Shared.metal */ = {isa = PBXFileReference; lastKnownFileType = sourcecode.metal; path = Shared.metal; sourceTree = "<group>"; };
		5991467D272DB37C006E5C09 /* InstancedShader.metal */ = {isa = PBXFileReference; lastKnownFileType = sourcecode.metal; path = InstancedShader.metal; sourceTree = "<group>"; };
		59EDD049272AD75000D20C58 /* InstancedGameObject.swift */ = {isa = PBXFileReference; lastKnownFileType = sourcecode.swift; path = InstancedGameObject.swift; sourceTree = "<group>"; };
		59EDD04B272AE0E800D20C58 /* CubeCollection.swift */ = {isa = PBXFileReference; lastKnownFileType = sourcecode.swift; path = CubeCollection.swift; sourceTree = "<group>"; };
/* End PBXFileReference section */

/* Begin PBXFrameworksBuildPhase section */
		591A960B2715D865003A1860 /* Frameworks */ = {
			isa = PBXFrameworksBuildPhase;
			buildActionMask = 2147483647;
			files = (
			);
			runOnlyForDeploymentPostprocessing = 0;
		};
/* End PBXFrameworksBuildPhase section */

/* Begin PBXGroup section */
		591A96052715D865003A1860 = {
			isa = PBXGroup;
			children = (
				591A96102715D866003A1860 /* GameEngine */,
				591A96252715D871003A1860 /* Resources */,
				591A960F2715D866003A1860 /* Products */,
			);
			sourceTree = "<group>";
		};
		591A960F2715D866003A1860 /* Products */ = {
			isa = PBXGroup;
			children = (
				591A960E2715D866003A1860 /* Game Engine.app */,
			);
			name = Products;
			sourceTree = "<group>";
		};
		591A96102715D866003A1860 /* GameEngine */ = {
			isa = PBXGroup;
			children = (
				595724632723D16300F3929B /* Core */,
				5957FA05272C1BE00088D25B /* Entities */,
				5957FA06272C1BEB0088D25B /* Graphics */,
				5957248C27242D0D00F3929B /* Managers */,
				595724742723E49C00F3929B /* Game Shizz */,
				591A96262715D879003A1860 /* Views */,
				591A96272715D886003A1860 /* Models */,
			);
			path = GameEngine;
			sourceTree = "<group>";
		};
		591A96172715D867003A1860 /* Preview Content */ = {
			isa = PBXGroup;
			children = (
				591A96182715D867003A1860 /* Preview Assets.xcassets */,
			);
			path = "Preview Content";
			sourceTree = "<group>";
		};
		591A96252715D871003A1860 /* Resources */ = {
			isa = PBXGroup;
			children = (
				591A96152715D867003A1860 /* Assets.xcassets */,
				591A961F2715D867003A1860 /* GameEngine.entitlements */,
				591A96172715D867003A1860 /* Preview Content */,
			);
			path = Resources;
			sourceTree = "<group>";
		};
		591A96262715D879003A1860 /* Views */ = {
			isa = PBXGroup;
			children = (
				591A96112715D866003A1860 /* GameEngineApp.swift */,
				591A96132715D866003A1860 /* ContentView.swift */,
				591A96282715D927003A1860 /* MetalView.swift */,
				595724772723E67900F3929B /* Renderer.swift */,
			);
			path = Views;
			sourceTree = "<group>";
		};
		591A96272715D886003A1860 /* Models */ = {
			isa = PBXGroup;
			children = (
				591A961A2715D867003A1860 /* Persistence.swift */,
				591A961C2715D867003A1860 /* GameEngine.xcdatamodeld */,
			);
			path = Models;
			sourceTree = "<group>";
		};
		5941F29027299656008151A1 /* Utils */ = {
			isa = PBXGroup;
			children = (
				5941F29127299663008151A1 /* ColorUtil.swift */,
			);
			path = Utils;
			sourceTree = "<group>";
		};
		595724632723D16300F3929B /* Core */ = {
			isa = PBXGroup;
			children = (
				595724682723D71C00F3929B /* Engine.swift */,
				5957FA02272C19230088D25B /* GameTime.swift */,
				5957246A2723D8E400F3929B /* Preferences.swift */,
				595F386D272E7F8D008884E1 /* Resources */,
				5957FA04272C1B7B0088D25B /* Types */,
				595B479B2728421A00BC2F02 /* Inputs */,
				595724822724148400F3929B /* Maths */,
				5941F29027299656008151A1 /* Utils */,
			);
			path = Core;
			sourceTree = "<group>";
		};
		595724672723D64E00F3929B /* Shaders */ = {
			isa = PBXGroup;
			children = (
				5991467B272DAF7C006E5C09 /* Shared.metal */,
				591A962A2715E612003A1860 /* BasicShader.metal */,
				5991467D272DB37C006E5C09 /* InstancedShader.metal */,
			);
			path = Shaders;
			sourceTree = "<group>";
		};
		595724742723E49C00F3929B /* Game Shizz */ = {
			isa = PBXGroup;
			children = (
				5957247D27240D9500F3929B /* Node.swift */,
				595B47A22728554A00BC2F02 /* Cameras */,
				59572486272429C900F3929B /* Scenes */,
				59572485272429B400F3929B /* GameObjects */,
				5957247F27240E3700F3929B /* Protocols */,
			);
			path = "Game Shizz";
			sourceTree = "<group>";
		};
		5957247F27240E3700F3929B /* Protocols */ = {
			isa = PBXGroup;
			children = (
				5957248027240E4700F3929B /* Renderable.swift */,
			);
			path = Protocols;
			sourceTree = "<group>";
		};
		595724822724148400F3929B /* Maths */ = {
			isa = PBXGroup;
			children = (
				595724832724149D00F3929B /* Math.swift */,
			);
			path = Maths;
			sourceTree = "<group>";
		};
		59572485272429B400F3929B /* GameObjects */ = {
			isa = PBXGroup;
			children = (
				595724752723E4C500F3929B /* GameObject.swift */,
				59EDD049272AD75000D20C58 /* InstancedGameObject.swift */,
				59EDD04B272AE0E800D20C58 /* CubeCollection.swift */,
				5957247B27240C3200F3929B /* Pointer.swift */,
				5941F28C272988F6008151A1 /* Cube.swift */,
				5957FA00272C16F40088D25B /* Quadrangle.swift */,
			);
			path = GameObjects;
			sourceTree = "<group>";
		};
		59572486272429C900F3929B /* Scenes */ = {
			isa = PBXGroup;
			children = (
				59572487272429DD00F3929B /* Scene.swift */,
				5957248927242B0000F3929B /* SandboxScene.swift */,
			);
			path = Scenes;
			sourceTree = "<group>";
		};
		5957248C27242D0D00F3929B /* Managers */ = {
			isa = PBXGroup;
			children = (
				5957248D27242D2C00F3929B /* SceneManager.swift */,
				595B47A72728592E00BC2F02 /* CameraManager.swift */,
			);
			path = Managers;
			sourceTree = "<group>";
		};
		5957FA04272C1B7B0088D25B /* Types */ = {
			isa = PBXGroup;
			children = (
				595724642723D16E00F3929B /* MetalTypes.swift */,
				5957FA0B272C1CA00088D25B /* Library.swift */,
				5957FA0F272C25780088D25B /* Shader.swift */,
			);
			path = Types;
			sourceTree = "<group>";
		};
		5957FA05272C1BE00088D25B /* Entities */ = {
			isa = PBXGroup;
			children = (
				5957FA09272C1C660088D25B /* Entities.swift */,
				5957FA0D272C1D430088D25B /* Libraries */,
			);
			path = Entities;
			sourceTree = "<group>";
		};
		5957FA06272C1BEB0088D25B /* Graphics */ = {
			isa = PBXGroup;
			children = (
				5957FA07272C1C100088D25B /* Graphics.swift */,
				5957FA0E272C1D8B0088D25B /* Libraries */,
				595724672723D64E00F3929B /* Shaders */,
			);
			path = Graphics;
			sourceTree = "<group>";
		};
		5957FA0D272C1D430088D25B /* Libraries */ = {
			isa = PBXGroup;
			children = (
				595724792724096600F3929B /* MeshLibrary.swift */,
				595F3870272E8372008884E1 /* TextureLibrary.swift */,
			);
			path = Libraries;
			sourceTree = "<group>";
		};
		5957FA0E272C1D8B0088D25B /* Libraries */ = {
			isa = PBXGroup;
			children = (
				5957FA11272C25DA0088D25B /* VertexShaderLibrary.swift */,
				5957FA13272C26EF0088D25B /* FragmentShaderLibrary.swift */,
				5957246E2723DDB100F3929B /* VertexDescriptorLibrary.swift */,
				595724702723DFD700F3929B /* RenderPipelineDescriptorLibrary.swift */,
				595724722723E0D600F3929B /* RenderPipelineStateLibrary.swift */,
				5941F28E27298C23008151A1 /* DepthStencilStateLibrary.swift */,
				595F3872272E853B008884E1 /* SamplerStateLibrary.swift */,
			);
			path = Libraries;
			sourceTree = "<group>";
		};
		595B479B2728421A00BC2F02 /* Inputs */ = {
			isa = PBXGroup;
			children = (
				595B479C2728423D00BC2F02 /* Keyboard.swift */,
				595B479E2728427B00BC2F02 /* KeyCode.swift */,
				595B47A02728473200BC2F02 /* Mouse.swift */,
			);
			path = Inputs;
			sourceTree = "<group>";
		};
		595B47A22728554A00BC2F02 /* Cameras */ = {
			isa = PBXGroup;
			children = (
				595B47A32728555C00BC2F02 /* Camera.swift */,
				595B47A52728567300BC2F02 /* DebugCamera.swift */,
			);
			path = Cameras;
			sourceTree = "<group>";
		};
		595F386D272E7F8D008884E1 /* Resources */ = {
			isa = PBXGroup;
			children = (
				595F386E272E7FCB008884E1 /* PartyPirateParot.png */,
			);
			path = Resources;
			sourceTree = "<group>";
		};
/* End PBXGroup section */

/* Begin PBXNativeTarget section */
		591A960D2715D865003A1860 /* Game Engine */ = {
			isa = PBXNativeTarget;
			buildConfigurationList = 591A96222715D867003A1860 /* Build configuration list for PBXNativeTarget "Game Engine" */;
			buildPhases = (
				591A960A2715D865003A1860 /* Sources */,
				591A960B2715D865003A1860 /* Frameworks */,
				591A960C2715D865003A1860 /* Resources */,
			);
			buildRules = (
			);
			dependencies = (
			);
			name = "Game Engine";
			productName = GameEngine;
			productReference = 591A960E2715D866003A1860 /* Game Engine.app */;
			productType = "com.apple.product-type.application";
		};
/* End PBXNativeTarget section */

/* Begin PBXProject section */
		591A96062715D865003A1860 /* Project object */ = {
			isa = PBXProject;
			attributes = {
				BuildIndependentTargetsInParallel = 1;
				LastSwiftUpdateCheck = 1300;
				LastUpgradeCheck = 1310;
				TargetAttributes = {
					591A960D2715D865003A1860 = {
						CreatedOnToolsVersion = 13.0;
					};
				};
			};
			buildConfigurationList = 591A96092715D865003A1860 /* Build configuration list for PBXProject "Game Engine" */;
			compatibilityVersion = "Xcode 13.0";
			developmentRegion = en;
			hasScannedForEncodings = 0;
			knownRegions = (
				en,
				Base,
			);
			mainGroup = 591A96052715D865003A1860;
			productRefGroup = 591A960F2715D866003A1860 /* Products */;
			projectDirPath = "";
			projectRoot = "";
			targets = (
				591A960D2715D865003A1860 /* Game Engine */,
			);
		};
/* End PBXProject section */

/* Begin PBXResourcesBuildPhase section */
		591A960C2715D865003A1860 /* Resources */ = {
			isa = PBXResourcesBuildPhase;
			buildActionMask = 2147483647;
			files = (
				591A96192715D867003A1860 /* Preview Assets.xcassets in Resources */,
				591A96162715D867003A1860 /* Assets.xcassets in Resources */,
				595F386F272E7FCB008884E1 /* PartyPirateParot.png in Resources */,
			);
			runOnlyForDeploymentPostprocessing = 0;
		};
/* End PBXResourcesBuildPhase section */

/* Begin PBXSourcesBuildPhase section */
		591A960A2715D865003A1860 /* Sources */ = {
			isa = PBXSourcesBuildPhase;
			buildActionMask = 2147483647;
			files = (
				5957FA14272C26EF0088D25B /* FragmentShaderLibrary.swift in Sources */,
				591A962B2715E612003A1860 /* BasicShader.metal in Sources */,
				595724762723E4C500F3929B /* GameObject.swift in Sources */,
				5957247E27240D9500F3929B /* Node.swift in Sources */,
				5957248127240E4700F3929B /* Renderable.swift in Sources */,
				591A961B2715D867003A1860 /* Persistence.swift in Sources */,
				595B47A82728592E00BC2F02 /* CameraManager.swift in Sources */,
				5941F29227299663008151A1 /* ColorUtil.swift in Sources */,
				5991467E272DB37C006E5C09 /* InstancedShader.metal in Sources */,
				595F3871272E8372008884E1 /* TextureLibrary.swift in Sources */,
				59EDD04C272AE0E800D20C58 /* CubeCollection.swift in Sources */,
				5957248A27242B0000F3929B /* SandboxScene.swift in Sources */,
				595F3873272E853B008884E1 /* SamplerStateLibrary.swift in Sources */,
				595724732723E0D600F3929B /* RenderPipelineStateLibrary.swift in Sources */,
				595B47A62728567300BC2F02 /* DebugCamera.swift in Sources */,
				591A96142715D866003A1860 /* ContentView.swift in Sources */,
				5957246F2723DDB100F3929B /* VertexDescriptorLibrary.swift in Sources */,
				5957FA10272C25780088D25B /* Shader.swift in Sources */,
				5957FA0C272C1CA00088D25B /* Library.swift in Sources */,
				595B479D2728423D00BC2F02 /* Keyboard.swift in Sources */,
				595724652723D16E00F3929B /* MetalTypes.swift in Sources */,
				5941F28F27298C23008151A1 /* DepthStencilStateLibrary.swift in Sources */,
				591A96292715D927003A1860 /* MetalView.swift in Sources */,
				595B47A12728473200BC2F02 /* Mouse.swift in Sources */,
				59572488272429DD00F3929B /* Scene.swift in Sources */,
				595724692723D71C00F3929B /* Engine.swift in Sources */,
				5957FA08272C1C100088D25B /* Graphics.swift in Sources */,
				591A96122715D866003A1860 /* GameEngineApp.swift in Sources */,
				5957FA01272C16F40088D25B /* Quadrangle.swift in Sources */,
				595B47A42728555C00BC2F02 /* Camera.swift in Sources */,
				591A961E2715D867003A1860 /* GameEngine.xcdatamodeld in Sources */,
				5957FA0A272C1C660088D25B /* Entities.swift in Sources */,
				595B479F2728427B00BC2F02 /* KeyCode.swift in Sources */,
				5957248E27242D2C00F3929B /* SceneManager.swift in Sources */,
				595724712723DFD700F3929B /* RenderPipelineDescriptorLibrary.swift in Sources */,
				59EDD04A272AD75000D20C58 /* InstancedGameObject.swift in Sources */,
				595724782723E67900F3929B /* Renderer.swift in Sources */,
				5957FA03272C19230088D25B /* GameTime.swift in Sources */,
				5957247A2724096600F3929B /* MeshLibrary.swift in Sources */,
				5941F28D272988F6008151A1 /* Cube.swift in Sources */,
				5957247C27240C3200F3929B /* Pointer.swift in Sources */,
				5957246B2723D8E400F3929B /* Preferences.swift in Sources */,
				595724842724149D00F3929B /* Math.swift in Sources */,
				5991467C272DAF7C006E5C09 /* Shared.metal in Sources */,
				5957FA12272C25DA0088D25B /* VertexShaderLibrary.swift in Sources */,
			);
			runOnlyForDeploymentPostprocessing = 0;
		};
/* End PBXSourcesBuildPhase section */

/* Begin XCBuildConfiguration section */
		591A96202715D867003A1860 /* Debug */ = {
			isa = XCBuildConfiguration;
			buildSettings = {
				ALWAYS_SEARCH_USER_PATHS = NO;
				CLANG_ANALYZER_NONNULL = YES;
				CLANG_ANALYZER_NUMBER_OBJECT_CONVERSION = YES_AGGRESSIVE;
				CLANG_CXX_LANGUAGE_STANDARD = "gnu++17";
				CLANG_CXX_LIBRARY = "libc++";
				CLANG_ENABLE_MODULES = YES;
				CLANG_ENABLE_OBJC_ARC = YES;
				CLANG_ENABLE_OBJC_WEAK = YES;
				CLANG_WARN_BLOCK_CAPTURE_AUTORELEASING = YES;
				CLANG_WARN_BOOL_CONVERSION = YES;
				CLANG_WARN_COMMA = YES;
				CLANG_WARN_CONSTANT_CONVERSION = YES;
				CLANG_WARN_DEPRECATED_OBJC_IMPLEMENTATIONS = YES;
				CLANG_WARN_DIRECT_OBJC_ISA_USAGE = YES_ERROR;
				CLANG_WARN_DOCUMENTATION_COMMENTS = YES;
				CLANG_WARN_EMPTY_BODY = YES;
				CLANG_WARN_ENUM_CONVERSION = YES;
				CLANG_WARN_INFINITE_RECURSION = YES;
				CLANG_WARN_INT_CONVERSION = YES;
				CLANG_WARN_NON_LITERAL_NULL_CONVERSION = YES;
				CLANG_WARN_OBJC_IMPLICIT_RETAIN_SELF = YES;
				CLANG_WARN_OBJC_LITERAL_CONVERSION = YES;
				CLANG_WARN_OBJC_ROOT_CLASS = YES_ERROR;
				CLANG_WARN_QUOTED_INCLUDE_IN_FRAMEWORK_HEADER = YES;
				CLANG_WARN_RANGE_LOOP_ANALYSIS = YES;
				CLANG_WARN_STRICT_PROTOTYPES = YES;
				CLANG_WARN_SUSPICIOUS_MOVE = YES;
				CLANG_WARN_UNGUARDED_AVAILABILITY = YES_AGGRESSIVE;
				CLANG_WARN_UNREACHABLE_CODE = YES;
				CLANG_WARN__DUPLICATE_METHOD_MATCH = YES;
				COPY_PHASE_STRIP = NO;
				DEBUG_INFORMATION_FORMAT = dwarf;
				ENABLE_STRICT_OBJC_MSGSEND = YES;
				ENABLE_TESTABILITY = YES;
				GCC_C_LANGUAGE_STANDARD = gnu11;
				GCC_DYNAMIC_NO_PIC = NO;
				GCC_NO_COMMON_BLOCKS = YES;
				GCC_OPTIMIZATION_LEVEL = 0;
				GCC_PREPROCESSOR_DEFINITIONS = (
					"DEBUG=1",
					"$(inherited)",
				);
				GCC_WARN_64_TO_32_BIT_CONVERSION = YES;
				GCC_WARN_ABOUT_RETURN_TYPE = YES_ERROR;
				GCC_WARN_UNDECLARED_SELECTOR = YES;
				GCC_WARN_UNINITIALIZED_AUTOS = YES_AGGRESSIVE;
				GCC_WARN_UNUSED_FUNCTION = YES;
				GCC_WARN_UNUSED_VARIABLE = YES;
				MACOSX_DEPLOYMENT_TARGET = 11.3;
				MTL_ENABLE_DEBUG_INFO = INCLUDE_SOURCE;
				MTL_FAST_MATH = YES;
				ONLY_ACTIVE_ARCH = YES;
				PRODUCT_NAME = "";
				SDKROOT = macosx;
				SWIFT_ACTIVE_COMPILATION_CONDITIONS = DEBUG;
				SWIFT_OPTIMIZATION_LEVEL = "-Onone";
			};
			name = Debug;
		};
		591A96212715D867003A1860 /* Release */ = {
			isa = XCBuildConfiguration;
			buildSettings = {
				ALWAYS_SEARCH_USER_PATHS = NO;
				CLANG_ANALYZER_NONNULL = YES;
				CLANG_ANALYZER_NUMBER_OBJECT_CONVERSION = YES_AGGRESSIVE;
				CLANG_CXX_LANGUAGE_STANDARD = "gnu++17";
				CLANG_CXX_LIBRARY = "libc++";
				CLANG_ENABLE_MODULES = YES;
				CLANG_ENABLE_OBJC_ARC = YES;
				CLANG_ENABLE_OBJC_WEAK = YES;
				CLANG_WARN_BLOCK_CAPTURE_AUTORELEASING = YES;
				CLANG_WARN_BOOL_CONVERSION = YES;
				CLANG_WARN_COMMA = YES;
				CLANG_WARN_CONSTANT_CONVERSION = YES;
				CLANG_WARN_DEPRECATED_OBJC_IMPLEMENTATIONS = YES;
				CLANG_WARN_DIRECT_OBJC_ISA_USAGE = YES_ERROR;
				CLANG_WARN_DOCUMENTATION_COMMENTS = YES;
				CLANG_WARN_EMPTY_BODY = YES;
				CLANG_WARN_ENUM_CONVERSION = YES;
				CLANG_WARN_INFINITE_RECURSION = YES;
				CLANG_WARN_INT_CONVERSION = YES;
				CLANG_WARN_NON_LITERAL_NULL_CONVERSION = YES;
				CLANG_WARN_OBJC_IMPLICIT_RETAIN_SELF = YES;
				CLANG_WARN_OBJC_LITERAL_CONVERSION = YES;
				CLANG_WARN_OBJC_ROOT_CLASS = YES_ERROR;
				CLANG_WARN_QUOTED_INCLUDE_IN_FRAMEWORK_HEADER = YES;
				CLANG_WARN_RANGE_LOOP_ANALYSIS = YES;
				CLANG_WARN_STRICT_PROTOTYPES = YES;
				CLANG_WARN_SUSPICIOUS_MOVE = YES;
				CLANG_WARN_UNGUARDED_AVAILABILITY = YES_AGGRESSIVE;
				CLANG_WARN_UNREACHABLE_CODE = YES;
				CLANG_WARN__DUPLICATE_METHOD_MATCH = YES;
				COPY_PHASE_STRIP = NO;
				DEBUG_INFORMATION_FORMAT = "dwarf-with-dsym";
				ENABLE_NS_ASSERTIONS = NO;
				ENABLE_STRICT_OBJC_MSGSEND = YES;
				GCC_C_LANGUAGE_STANDARD = gnu11;
				GCC_NO_COMMON_BLOCKS = YES;
				GCC_WARN_64_TO_32_BIT_CONVERSION = YES;
				GCC_WARN_ABOUT_RETURN_TYPE = YES_ERROR;
				GCC_WARN_UNDECLARED_SELECTOR = YES;
				GCC_WARN_UNINITIALIZED_AUTOS = YES_AGGRESSIVE;
				GCC_WARN_UNUSED_FUNCTION = YES;
				GCC_WARN_UNUSED_VARIABLE = YES;
				MACOSX_DEPLOYMENT_TARGET = 11.3;
				MTL_ENABLE_DEBUG_INFO = NO;
				MTL_FAST_MATH = YES;
				PRODUCT_NAME = "";
				SDKROOT = macosx;
				SWIFT_COMPILATION_MODE = wholemodule;
				SWIFT_OPTIMIZATION_LEVEL = "-O";
			};
			name = Release;
		};
		591A96232715D867003A1860 /* Debug */ = {
			isa = XCBuildConfiguration;
			buildSettings = {
				ASSETCATALOG_COMPILER_APPICON_NAME = AppIcon;
				ASSETCATALOG_COMPILER_GLOBAL_ACCENT_COLOR_NAME = AccentColor;
				CODE_SIGN_ENTITLEMENTS = Resources/GameEngine.entitlements;
				CODE_SIGN_IDENTITY = "-";
				CODE_SIGN_STYLE = Automatic;
				COMBINE_HIDPI_IMAGES = YES;
				CURRENT_PROJECT_VERSION = 1;
				DEVELOPMENT_ASSET_PATHS = "\"Resources/Preview Content\"";
				DEVELOPMENT_TEAM = TW43N5T64D;
				ENABLE_HARDENED_RUNTIME = YES;
				ENABLE_PREVIEWS = YES;
				GENERATE_INFOPLIST_FILE = YES;
				INFOPLIST_KEY_NSHumanReadableCopyright = "";
				LD_RUNPATH_SEARCH_PATHS = (
					"$(inherited)",
					"@executable_path/../Frameworks",
				);
				MACOSX_DEPLOYMENT_TARGET = 11.0;
				MARKETING_VERSION = 1.0;
				PRODUCT_BUNDLE_IDENTIFIER = com.martini.GameEngine;
				PRODUCT_NAME = "$(TARGET_NAME)";
				SWIFT_EMIT_LOC_STRINGS = YES;
				SWIFT_VERSION = 5.0;
			};
			name = Debug;
		};
		591A96242715D867003A1860 /* Release */ = {
			isa = XCBuildConfiguration;
			buildSettings = {
				ASSETCATALOG_COMPILER_APPICON_NAME = AppIcon;
				ASSETCATALOG_COMPILER_GLOBAL_ACCENT_COLOR_NAME = AccentColor;
				CODE_SIGN_ENTITLEMENTS = Resources/GameEngine.entitlements;
				CODE_SIGN_IDENTITY = "-";
				CODE_SIGN_STYLE = Automatic;
				COMBINE_HIDPI_IMAGES = YES;
				CURRENT_PROJECT_VERSION = 1;
				DEVELOPMENT_ASSET_PATHS = "\"Resources/Preview Content\"";
				DEVELOPMENT_TEAM = TW43N5T64D;
				ENABLE_HARDENED_RUNTIME = YES;
				ENABLE_PREVIEWS = YES;
				GENERATE_INFOPLIST_FILE = YES;
				INFOPLIST_KEY_NSHumanReadableCopyright = "";
				LD_RUNPATH_SEARCH_PATHS = (
					"$(inherited)",
					"@executable_path/../Frameworks",
				);
				MACOSX_DEPLOYMENT_TARGET = 11.0;
				MARKETING_VERSION = 1.0;
				PRODUCT_BUNDLE_IDENTIFIER = com.martini.GameEngine;
				PRODUCT_NAME = "$(TARGET_NAME)";
				SWIFT_EMIT_LOC_STRINGS = YES;
				SWIFT_VERSION = 5.0;
			};
			name = Release;
		};
/* End XCBuildConfiguration section */

/* Begin XCConfigurationList section */
		591A96092715D865003A1860 /* Build configuration list for PBXProject "Game Engine" */ = {
			isa = XCConfigurationList;
			buildConfigurations = (
				591A96202715D867003A1860 /* Debug */,
				591A96212715D867003A1860 /* Release */,
			);
			defaultConfigurationIsVisible = 0;
			defaultConfigurationName = Release;
		};
		591A96222715D867003A1860 /* Build configuration list for PBXNativeTarget "Game Engine" */ = {
			isa = XCConfigurationList;
			buildConfigurations = (
				591A96232715D867003A1860 /* Debug */,
				591A96242715D867003A1860 /* Release */,
			);
			defaultConfigurationIsVisible = 0;
			defaultConfigurationName = Release;
		};
/* End XCConfigurationList section */

/* Begin XCVersionGroup section */
		591A961C2715D867003A1860 /* GameEngine.xcdatamodeld */ = {
			isa = XCVersionGroup;
			children = (
				591A961D2715D867003A1860 /* GameEngine.xcdatamodel */,
			);
			currentVersion = 591A961D2715D867003A1860 /* GameEngine.xcdatamodel */;
			path = GameEngine.xcdatamodeld;
			sourceTree = "<group>";
			versionGroupType = wrapper.xcdatamodel;
		};
/* End XCVersionGroup section */
	};
	rootObject = 591A96062715D865003A1860 /* Project object */;
}
